// !$*UTF8*$!
{
	archiveVersion = 1;
	classes = {
	};
	objectVersion = 77;
	objects = {

/* Begin PBXBuildFile section */
		2578245A2DB01C6700B322CF /* FirebaseAnalytics in Frameworks */ = {isa = PBXBuildFile; productRef = 257824592DB01C6700B322CF /* FirebaseAnalytics */; };
		2578245C2DB01C6700B322CF /* FirebaseAuth in Frameworks */ = {isa = PBXBuildFile; productRef = 2578245B2DB01C6700B322CF /* FirebaseAuth */; };
		2578245E2DB01C6700B322CF /* FirebaseCore in Frameworks */ = {isa = PBXBuildFile; productRef = 2578245D2DB01C6700B322CF /* FirebaseCore */; };
		257824602DB01C6700B322CF /* FirebaseFirestore in Frameworks */ = {isa = PBXBuildFile; productRef = 2578245F2DB01C6700B322CF /* FirebaseFirestore */; };
		257824622DB01C6700B322CF /* FirebaseMessaging in Frameworks */ = {isa = PBXBuildFile; productRef = 257824612DB01C6700B322CF /* FirebaseMessaging */; };
/* End PBXBuildFile section */

/* Begin PBXContainerItemProxy section */
		257823832DB0168500B322CF /* PBXContainerItemProxy */ = {
			isa = PBXContainerItemProxy;
			containerPortal = 2578236A2DB0168400B322CF /* Project object */;
			proxyType = 1;
			remoteGlobalIDString = 257823712DB0168400B322CF;
			remoteInfo = "Ilm-quranLearning";
		};
		2578238D2DB0168500B322CF /* PBXContainerItemProxy */ = {
			isa = PBXContainerItemProxy;
			containerPortal = 2578236A2DB0168400B322CF /* Project object */;
			proxyType = 1;
			remoteGlobalIDString = 257823712DB0168400B322CF;
			remoteInfo = "Ilm-quranLearning";
		};
/* End PBXContainerItemProxy section */

/* Begin PBXFileReference section */
		257823722DB0168400B322CF /* Ilm-quranLearning.app */ = {isa = PBXFileReference; explicitFileType = wrapper.application; includeInIndex = 0; path = "Ilm-quranLearning.app"; sourceTree = BUILT_PRODUCTS_DIR; };
		257823822DB0168500B322CF /* Ilm-quranLearningTests.xctest */ = {isa = PBXFileReference; explicitFileType = wrapper.cfbundle; includeInIndex = 0; path = "Ilm-quranLearningTests.xctest"; sourceTree = BUILT_PRODUCTS_DIR; };
		2578238C2DB0168500B322CF /* Ilm-quranLearningUITests.xctest */ = {isa = PBXFileReference; explicitFileType = wrapper.cfbundle; includeInIndex = 0; path = "Ilm-quranLearningUITests.xctest"; sourceTree = BUILT_PRODUCTS_DIR; };
/* End PBXFileReference section */

/* Begin PBXFileSystemSynchronizedRootGroup section */
		257823742DB0168400B322CF /* Ilm-quranLearning */ = {
			isa = PBXFileSystemSynchronizedRootGroup;
			path = "Ilm-quranLearning";
			sourceTree = "<group>";
		};
		257823852DB0168500B322CF /* Ilm-quranLearningTests */ = {
			isa = PBXFileSystemSynchronizedRootGroup;
			path = "Ilm-quranLearningTests";
			sourceTree = "<group>";
		};
		2578238F2DB0168500B322CF /* Ilm-quranLearningUITests */ = {
			isa = PBXFileSystemSynchronizedRootGroup;
			path = "Ilm-quranLearningUITests";
			sourceTree = "<group>";
		};
/* End PBXFileSystemSynchronizedRootGroup section */

/* Begin PBXFrameworksBuildPhase section */
		2578236F2DB0168400B322CF /* Frameworks */ = {
			isa = PBXFrameworksBuildPhase;
			buildActionMask = 2147483647;
			files = (
				2578245A2DB01C6700B322CF /* FirebaseAnalytics in Frameworks */,
				257824602DB01C6700B322CF /* FirebaseFirestore in Frameworks */,
				257824622DB01C6700B322CF /* FirebaseMessaging in Frameworks */,
				2578245E2DB01C6700B322CF /* FirebaseCore in Frameworks */,
				2578245C2DB01C6700B322CF /* FirebaseAuth in Frameworks */,
			);
			runOnlyForDeploymentPostprocessing = 0;
		};
		2578237F2DB0168500B322CF /* Frameworks */ = {
			isa = PBXFrameworksBuildPhase;
			buildActionMask = 2147483647;
			files = (
			);
			runOnlyForDeploymentPostprocessing = 0;
		};
		257823892DB0168500B322CF /* Frameworks */ = {
			isa = PBXFrameworksBuildPhase;
			buildActionMask = 2147483647;
			files = (
			);
			runOnlyForDeploymentPostprocessing = 0;
		};
/* End PBXFrameworksBuildPhase section */

/* Begin PBXGroup section */
		257823692DB0168400B322CF = {
			isa = PBXGroup;
			children = (
				257823742DB0168400B322CF /* Ilm-quranLearning */,
				257823852DB0168500B322CF /* Ilm-quranLearningTests */,
				2578238F2DB0168500B322CF /* Ilm-quranLearningUITests */,
				257823732DB0168400B322CF /* Products */,
			);
			sourceTree = "<group>";
		};
		257823732DB0168400B322CF /* Products */ = {
			isa = PBXGroup;
			children = (
				257823722DB0168400B322CF /* Ilm-quranLearning.app */,
				257823822DB0168500B322CF /* Ilm-quranLearningTests.xctest */,
				2578238C2DB0168500B322CF /* Ilm-quranLearningUITests.xctest */,
			);
			name = Products;
			sourceTree = "<group>";
		};
/* End PBXGroup section */

/* Begin PBXNativeTarget section */
		257823712DB0168400B322CF /* Ilm-quranLearning */ = {
			isa = PBXNativeTarget;
			buildConfigurationList = 257823962DB0168500B322CF /* Build configuration list for PBXNativeTarget "Ilm-quranLearning" */;
			buildPhases = (
				2578236E2DB0168400B322CF /* Sources */,
				2578236F2DB0168400B322CF /* Frameworks */,
				257823702DB0168400B322CF /* Resources */,
			);
			buildRules = (
			);
			dependencies = (
			);
			fileSystemSynchronizedGroups = (
				257823742DB0168400B322CF /* Ilm-quranLearning */,
			);
			name = "Ilm-quranLearning";
			packageProductDependencies = (
				257824592DB01C6700B322CF /* FirebaseAnalytics */,
				2578245B2DB01C6700B322CF /* FirebaseAuth */,
				2578245D2DB01C6700B322CF /* FirebaseCore */,
				2578245F2DB01C6700B322CF /* FirebaseFirestore */,
				257824612DB01C6700B322CF /* FirebaseMessaging */,
			);
			productName = "Ilm-quranLearning";
			productReference = 257823722DB0168400B322CF /* Ilm-quranLearning.app */;
			productType = "com.apple.product-type.application";
		};
		257823812DB0168500B322CF /* Ilm-quranLearningTests */ = {
			isa = PBXNativeTarget;
			buildConfigurationList = 257823992DB0168500B322CF /* Build configuration list for PBXNativeTarget "Ilm-quranLearningTests" */;
			buildPhases = (
				2578237E2DB0168500B322CF /* Sources */,
				2578237F2DB0168500B322CF /* Frameworks */,
				257823802DB0168500B322CF /* Resources */,
			);
			buildRules = (
			);
			dependencies = (
				257823842DB0168500B322CF /* PBXTargetDependency */,
			);
			fileSystemSynchronizedGroups = (
				257823852DB0168500B322CF /* Ilm-quranLearningTests */,
			);
			name = "Ilm-quranLearningTests";
			packageProductDependencies = (
			);
			productName = "Ilm-quranLearningTests";
			productReference = 257823822DB0168500B322CF /* Ilm-quranLearningTests.xctest */;
			productType = "com.apple.product-type.bundle.unit-test";
		};
		2578238B2DB0168500B322CF /* Ilm-quranLearningUITests */ = {
			isa = PBXNativeTarget;
			buildConfigurationList = 2578239C2DB0168500B322CF /* Build configuration list for PBXNativeTarget "Ilm-quranLearningUITests" */;
			buildPhases = (
				257823882DB0168500B322CF /* Sources */,
				257823892DB0168500B322CF /* Frameworks */,
				2578238A2DB0168500B322CF /* Resources */,
			);
			buildRules = (
			);
			dependencies = (
				2578238E2DB0168500B322CF /* PBXTargetDependency */,
			);
			fileSystemSynchronizedGroups = (
				2578238F2DB0168500B322CF /* Ilm-quranLearningUITests */,
			);
			name = "Ilm-quranLearningUITests";
			packageProductDependencies = (
			);
			productName = "Ilm-quranLearningUITests";
			productReference = 2578238C2DB0168500B322CF /* Ilm-quranLearningUITests.xctest */;
			productType = "com.apple.product-type.bundle.ui-testing";
		};
/* End PBXNativeTarget section */

/* Begin PBXProject section */
		2578236A2DB0168400B322CF /* Project object */ = {
			isa = PBXProject;
			attributes = {
				BuildIndependentTargetsInParallel = 1;
				LastSwiftUpdateCheck = 1620;
				LastUpgradeCheck = 1620;
				TargetAttributes = {
					257823712DB0168400B322CF = {
						CreatedOnToolsVersion = 16.2;
					};
					257823812DB0168500B322CF = {
						CreatedOnToolsVersion = 16.2;
						TestTargetID = 257823712DB0168400B322CF;
					};
					2578238B2DB0168500B322CF = {
						CreatedOnToolsVersion = 16.2;
						TestTargetID = 257823712DB0168400B322CF;
					};
				};
			};
			buildConfigurationList = 2578236D2DB0168400B322CF /* Build configuration list for PBXProject "Ilm-quranLearning" */;
			developmentRegion = en;
			hasScannedForEncodings = 0;
			knownRegions = (
				en,
				Base,
			);
			mainGroup = 257823692DB0168400B322CF;
			minimizedProjectReferenceProxies = 1;
			packageReferences = (
				257824582DB01C6700B322CF /* XCRemoteSwiftPackageReference "firebase-ios-sdk" */,
			);
			preferredProjectObjectVersion = 77;
			productRefGroup = 257823732DB0168400B322CF /* Products */;
			projectDirPath = "";
			projectRoot = "";
			targets = (
				257823712DB0168400B322CF /* Ilm-quranLearning */,
				257823812DB0168500B322CF /* Ilm-quranLearningTests */,
				2578238B2DB0168500B322CF /* Ilm-quranLearningUITests */,
			);
		};
/* End PBXProject section */

/* Begin PBXResourcesBuildPhase section */
		257823702DB0168400B322CF /* Resources */ = {
			isa = PBXResourcesBuildPhase;
			buildActionMask = 2147483647;
			files = (
			);
			runOnlyForDeploymentPostprocessing = 0;
		};
		257823802DB0168500B322CF /* Resources */ = {
			isa = PBXResourcesBuildPhase;
			buildActionMask = 2147483647;
			files = (
			);
			runOnlyForDeploymentPostprocessing = 0;
		};
		2578238A2DB0168500B322CF /* Resources */ = {
			isa = PBXResourcesBuildPhase;
			buildActionMask = 2147483647;
			files = (
			);
			runOnlyForDeploymentPostprocessing = 0;
		};
/* End PBXResourcesBuildPhase section */

/* Begin PBXSourcesBuildPhase section */
		2578236E2DB0168400B322CF /* Sources */ = {
			isa = PBXSourcesBuildPhase;
			buildActionMask = 2147483647;
			files = (
			);
			runOnlyForDeploymentPostprocessing = 0;
		};
		2578237E2DB0168500B322CF /* Sources */ = {
			isa = PBXSourcesBuildPhase;
			buildActionMask = 2147483647;
			files = (
			);
			runOnlyForDeploymentPostprocessing = 0;
		};
		257823882DB0168500B322CF /* Sources */ = {
			isa = PBXSourcesBuildPhase;
			buildActionMask = 2147483647;
			files = (
			);
			runOnlyForDeploymentPostprocessing = 0;
		};
/* End PBXSourcesBuildPhase section */

/* Begin PBXTargetDependency section */
		257823842DB0168500B322CF /* PBXTargetDependency */ = {
			isa = PBXTargetDependency;
			target = 257823712DB0168400B322CF /* Ilm-quranLearning */;
			targetProxy = 257823832DB0168500B322CF /* PBXContainerItemProxy */;
		};
		2578238E2DB0168500B322CF /* PBXTargetDependency */ = {
			isa = PBXTargetDependency;
			target = 257823712DB0168400B322CF /* Ilm-quranLearning */;
			targetProxy = 2578238D2DB0168500B322CF /* PBXContainerItemProxy */;
		};
/* End PBXTargetDependency section */

/* Begin XCBuildConfiguration section */
		257823942DB0168500B322CF /* Debug */ = {
			isa = XCBuildConfiguration;
			buildSettings = {
				ALWAYS_SEARCH_USER_PATHS = NO;
				ASSETCATALOG_COMPILER_GENERATE_SWIFT_ASSET_SYMBOL_EXTENSIONS = YES;
				CLANG_ANALYZER_NONNULL = YES;
				CLANG_ANALYZER_NUMBER_OBJECT_CONVERSION = YES_AGGRESSIVE;
				CLANG_CXX_LANGUAGE_STANDARD = "gnu++20";
				CLANG_ENABLE_MODULES = YES;
				CLANG_ENABLE_OBJC_ARC = YES;
				CLANG_ENABLE_OBJC_WEAK = YES;
				CLANG_WARN_BLOCK_CAPTURE_AUTORELEASING = YES;
				CLANG_WARN_BOOL_CONVERSION = YES;
				CLANG_WARN_COMMA = YES;
				CLANG_WARN_CONSTANT_CONVERSION = YES;
				CLANG_WARN_DEPRECATED_OBJC_IMPLEMENTATIONS = YES;
				CLANG_WARN_DIRECT_OBJC_ISA_USAGE = YES_ERROR;
				CLANG_WARN_DOCUMENTATION_COMMENTS = YES;
				CLANG_WARN_EMPTY_BODY = YES;
				CLANG_WARN_ENUM_CONVERSION = YES;
				CLANG_WARN_INFINITE_RECURSION = YES;
				CLANG_WARN_INT_CONVERSION = YES;
				CLANG_WARN_NON_LITERAL_NULL_CONVERSION = YES;
				CLANG_WARN_OBJC_IMPLICIT_RETAIN_SELF = YES;
				CLANG_WARN_OBJC_LITERAL_CONVERSION = YES;
				CLANG_WARN_OBJC_ROOT_CLASS = YES_ERROR;
				CLANG_WARN_QUOTED_INCLUDE_IN_FRAMEWORK_HEADER = YES;
				CLANG_WARN_RANGE_LOOP_ANALYSIS = YES;
				CLANG_WARN_STRICT_PROTOTYPES = YES;
				CLANG_WARN_SUSPICIOUS_MOVE = YES;
				CLANG_WARN_UNGUARDED_AVAILABILITY = YES_AGGRESSIVE;
				CLANG_WARN_UNREACHABLE_CODE = YES;
				CLANG_WARN__DUPLICATE_METHOD_MATCH = YES;
				COPY_PHASE_STRIP = NO;
				DEBUG_INFORMATION_FORMAT = dwarf;
				ENABLE_STRICT_OBJC_MSGSEND = YES;
				ENABLE_TESTABILITY = YES;
				ENABLE_USER_SCRIPT_SANDBOXING = YES;
				GCC_C_LANGUAGE_STANDARD = gnu17;
				GCC_DYNAMIC_NO_PIC = NO;
				GCC_NO_COMMON_BLOCKS = YES;
				GCC_OPTIMIZATION_LEVEL = 0;
				GCC_PREPROCESSOR_DEFINITIONS = (
					"DEBUG=1",
					"$(inherited)",
				);
				GCC_WARN_64_TO_32_BIT_CONVERSION = YES;
				GCC_WARN_ABOUT_RETURN_TYPE = YES_ERROR;
				GCC_WARN_UNDECLARED_SELECTOR = YES;
				GCC_WARN_UNINITIALIZED_AUTOS = YES_AGGRESSIVE;
				GCC_WARN_UNUSED_FUNCTION = YES;
				GCC_WARN_UNUSED_VARIABLE = YES;
				IPHONEOS_DEPLOYMENT_TARGET = 18.2;
				LOCALIZATION_PREFERS_STRING_CATALOGS = YES;
				MTL_ENABLE_DEBUG_INFO = INCLUDE_SOURCE;
				MTL_FAST_MATH = YES;
				ONLY_ACTIVE_ARCH = YES;
				SDKROOT = iphoneos;
				SWIFT_ACTIVE_COMPILATION_CONDITIONS = "DEBUG $(inherited)";
				SWIFT_OPTIMIZATION_LEVEL = "-Onone";
			};
			name = Debug;
		};
		257823952DB0168500B322CF /* Release */ = {
			isa = XCBuildConfiguration;
			buildSettings = {
				ALWAYS_SEARCH_USER_PATHS = NO;
				ASSETCATALOG_COMPILER_GENERATE_SWIFT_ASSET_SYMBOL_EXTENSIONS = YES;
				CLANG_ANALYZER_NONNULL = YES;
				CLANG_ANALYZER_NUMBER_OBJECT_CONVERSION = YES_AGGRESSIVE;
				CLANG_CXX_LANGUAGE_STANDARD = "gnu++20";
				CLANG_ENABLE_MODULES = YES;
				CLANG_ENABLE_OBJC_ARC = YES;
				CLANG_ENABLE_OBJC_WEAK = YES;
				CLANG_WARN_BLOCK_CAPTURE_AUTORELEASING = YES;
				CLANG_WARN_BOOL_CONVERSION = YES;
				CLANG_WARN_COMMA = YES;
				CLANG_WARN_CONSTANT_CONVERSION = YES;
				CLANG_WARN_DEPRECATED_OBJC_IMPLEMENTATIONS = YES;
				CLANG_WARN_DIRECT_OBJC_ISA_USAGE = YES_ERROR;
				CLANG_WARN_DOCUMENTATION_COMMENTS = YES;
				CLANG_WARN_EMPTY_BODY = YES;
				CLANG_WARN_ENUM_CONVERSION = YES;
				CLANG_WARN_INFINITE_RECURSION = YES;
				CLANG_WARN_INT_CONVERSION = YES;
				CLANG_WARN_NON_LITERAL_NULL_CONVERSION = YES;
				CLANG_WARN_OBJC_IMPLICIT_RETAIN_SELF = YES;
				CLANG_WARN_OBJC_LITERAL_CONVERSION = YES;
				CLANG_WARN_OBJC_ROOT_CLASS = YES_ERROR;
				CLANG_WARN_QUOTED_INCLUDE_IN_FRAMEWORK_HEADER = YES;
				CLANG_WARN_RANGE_LOOP_ANALYSIS = YES;
				CLANG_WARN_STRICT_PROTOTYPES = YES;
				CLANG_WARN_SUSPICIOUS_MOVE = YES;
				CLANG_WARN_UNGUARDED_AVAILABILITY = YES_AGGRESSIVE;
				CLANG_WARN_UNREACHABLE_CODE = YES;
				CLANG_WARN__DUPLICATE_METHOD_MATCH = YES;
				COPY_PHASE_STRIP = NO;
				DEBUG_INFORMATION_FORMAT = "dwarf-with-dsym";
				ENABLE_NS_ASSERTIONS = NO;
				ENABLE_STRICT_OBJC_MSGSEND = YES;
				ENABLE_USER_SCRIPT_SANDBOXING = YES;
				GCC_C_LANGUAGE_STANDARD = gnu17;
				GCC_NO_COMMON_BLOCKS = YES;
				GCC_WARN_64_TO_32_BIT_CONVERSION = YES;
				GCC_WARN_ABOUT_RETURN_TYPE = YES_ERROR;
				GCC_WARN_UNDECLARED_SELECTOR = YES;
				GCC_WARN_UNINITIALIZED_AUTOS = YES_AGGRESSIVE;
				GCC_WARN_UNUSED_FUNCTION = YES;
				GCC_WARN_UNUSED_VARIABLE = YES;
				IPHONEOS_DEPLOYMENT_TARGET = 18.2;
				LOCALIZATION_PREFERS_STRING_CATALOGS = YES;
				MTL_ENABLE_DEBUG_INFO = NO;
				MTL_FAST_MATH = YES;
				SDKROOT = iphoneos;
				SWIFT_COMPILATION_MODE = wholemodule;
				VALIDATE_PRODUCT = YES;
			};
			name = Release;
		};
		257823972DB0168500B322CF /* Debug */ = {
			isa = XCBuildConfiguration;
			buildSettings = {
				ASSETCATALOG_COMPILER_APPICON_NAME = AppIcon;
				ASSETCATALOG_COMPILER_GLOBAL_ACCENT_COLOR_NAME = AccentColor;
				CODE_SIGN_STYLE = Automatic;
				CURRENT_PROJECT_VERSION = 1;
				DEVELOPMENT_ASSET_PATHS = "\"Ilm-quranLearning/Preview Content\"";
				DEVELOPMENT_TEAM = ZZQ384H9YM;
				ENABLE_PREVIEWS = YES;
				GENERATE_INFOPLIST_FILE = YES;
				INFOPLIST_KEY_UIApplicationSceneManifest_Generation = YES;
				INFOPLIST_KEY_UIApplicationSupportsIndirectInputEvents = YES;
				INFOPLIST_KEY_UILaunchScreen_Generation = YES;
				INFOPLIST_KEY_UISupportedInterfaceOrientations_iPad = "UIInterfaceOrientationPortrait UIInterfaceOrientationPortraitUpsideDown UIInterfaceOrientationLandscapeLeft UIInterfaceOrientationLandscapeRight";
				INFOPLIST_KEY_UISupportedInterfaceOrientations_iPhone = "UIInterfaceOrientationPortrait UIInterfaceOrientationLandscapeLeft UIInterfaceOrientationLandscapeRight";
				LD_RUNPATH_SEARCH_PATHS = (
					"$(inherited)",
					"@executable_path/Frameworks",
				);
				MARKETING_VERSION = 1.0;
				PRODUCT_BUNDLE_IDENTIFIER = "ayeshasul.Ilm-quranLearning";
				PRODUCT_NAME = "$(TARGET_NAME)";
				SWIFT_EMIT_LOC_STRINGS = YES;
				SWIFT_VERSION = 5.0;
				TARGETED_DEVICE_FAMILY = "1,2";
			};
			name = Debug;
		};
		257823982DB0168500B322CF /* Release */ = {
			isa = XCBuildConfiguration;
			buildSettings = {
				ASSETCATALOG_COMPILER_APPICON_NAME = AppIcon;
				ASSETCATALOG_COMPILER_GLOBAL_ACCENT_COLOR_NAME = AccentColor;
				CODE_SIGN_STYLE = Automatic;
				CURRENT_PROJECT_VERSION = 1;
				DEVELOPMENT_ASSET_PATHS = "\"Ilm-quranLearning/Preview Content\"";
				DEVELOPMENT_TEAM = ZZQ384H9YM;
				ENABLE_PREVIEWS = YES;
				GENERATE_INFOPLIST_FILE = YES;
				INFOPLIST_KEY_UIApplicationSceneManifest_Generation = YES;
				INFOPLIST_KEY_UIApplicationSupportsIndirectInputEvents = YES;
				INFOPLIST_KEY_UILaunchScreen_Generation = YES;
				INFOPLIST_KEY_UISupportedInterfaceOrientations_iPad = "UIInterfaceOrientationPortrait UIInterfaceOrientationPortraitUpsideDown UIInterfaceOrientationLandscapeLeft UIInterfaceOrientationLandscapeRight";
				INFOPLIST_KEY_UISupportedInterfaceOrientations_iPhone = "UIInterfaceOrientationPortrait UIInterfaceOrientationLandscapeLeft UIInterfaceOrientationLandscapeRight";
				LD_RUNPATH_SEARCH_PATHS = (
					"$(inherited)",
					"@executable_path/Frameworks",
				);
				MARKETING_VERSION = 1.0;
				PRODUCT_BUNDLE_IDENTIFIER = "ayeshasul.Ilm-quranLearning";
				PRODUCT_NAME = "$(TARGET_NAME)";
				SWIFT_EMIT_LOC_STRINGS = YES;
				SWIFT_VERSION = 5.0;
				TARGETED_DEVICE_FAMILY = "1,2";
			};
			name = Release;
		};
		2578239A2DB0168500B322CF /* Debug */ = {
			isa = XCBuildConfiguration;
			buildSettings = {
				BUNDLE_LOADER = "$(TEST_HOST)";
				CODE_SIGN_STYLE = Automatic;
				CURRENT_PROJECT_VERSION = 1;
				DEVELOPMENT_TEAM = ZZQ384H9YM;
				GENERATE_INFOPLIST_FILE = YES;
				IPHONEOS_DEPLOYMENT_TARGET = 18.2;
				MARKETING_VERSION = 1.0;
				PRODUCT_BUNDLE_IDENTIFIER = "ayeshasul.Ilm-quranLearningTests";
				PRODUCT_NAME = "$(TARGET_NAME)";
				SWIFT_EMIT_LOC_STRINGS = NO;
				SWIFT_VERSION = 5.0;
				TARGETED_DEVICE_FAMILY = "1,2";
				TEST_HOST = "$(BUILT_PRODUCTS_DIR)/Ilm-quranLearning.app/$(BUNDLE_EXECUTABLE_FOLDER_PATH)/Ilm-quranLearning";
			};
			name = Debug;
		};
		2578239B2DB0168500B322CF /* Release */ = {
			isa = XCBuildConfiguration;
			buildSettings = {
				BUNDLE_LOADER = "$(TEST_HOST)";
				CODE_SIGN_STYLE = Automatic;
				CURRENT_PROJECT_VERSION = 1;
				DEVELOPMENT_TEAM = ZZQ384H9YM;
				GENERATE_INFOPLIST_FILE = YES;
				IPHONEOS_DEPLOYMENT_TARGET = 18.2;
				MARKETING_VERSION = 1.0;
				PRODUCT_BUNDLE_IDENTIFIER = "ayeshasul.Ilm-quranLearningTests";
				PRODUCT_NAME = "$(TARGET_NAME)";
				SWIFT_EMIT_LOC_STRINGS = NO;
				SWIFT_VERSION = 5.0;
				TARGETED_DEVICE_FAMILY = "1,2";
				TEST_HOST = "$(BUILT_PRODUCTS_DIR)/Ilm-quranLearning.app/$(BUNDLE_EXECUTABLE_FOLDER_PATH)/Ilm-quranLearning";
			};
			name = Release;
		};
		2578239D2DB0168500B322CF /* Debug */ = {
			isa = XCBuildConfiguration;
			buildSettings = {
				CODE_SIGN_STYLE = Automatic;
				CURRENT_PROJECT_VERSION = 1;
				DEVELOPMENT_TEAM = ZZQ384H9YM;
				GENERATE_INFOPLIST_FILE = YES;
				MARKETING_VERSION = 1.0;
				PRODUCT_BUNDLE_IDENTIFIER = "ayeshasul.Ilm-quranLearningUITests";
				PRODUCT_NAME = "$(TARGET_NAME)";
				SWIFT_EMIT_LOC_STRINGS = NO;
				SWIFT_VERSION = 5.0;
				TARGETED_DEVICE_FAMILY = "1,2";
				TEST_TARGET_NAME = "Ilm-quranLearning";
			};
			name = Debug;
		};
		2578239E2DB0168500B322CF /* Release */ = {
			isa = XCBuildConfiguration;
			buildSettings = {
				CODE_SIGN_STYLE = Automatic;
				CURRENT_PROJECT_VERSION = 1;
				DEVELOPMENT_TEAM = ZZQ384H9YM;
				GENERATE_INFOPLIST_FILE = YES;
				MARKETING_VERSION = 1.0;
				PRODUCT_BUNDLE_IDENTIFIER = "ayeshasul.Ilm-quranLearningUITests";
				PRODUCT_NAME = "$(TARGET_NAME)";
				SWIFT_EMIT_LOC_STRINGS = NO;
				SWIFT_VERSION = 5.0;
				TARGETED_DEVICE_FAMILY = "1,2";
				TEST_TARGET_NAME = "Ilm-quranLearning";
			};
			name = Release;
		};
/* End XCBuildConfiguration section */

/* Begin XCConfigurationList section */
		2578236D2DB0168400B322CF /* Build configuration list for PBXProject "Ilm-quranLearning" */ = {
			isa = XCConfigurationList;
			buildConfigurations = (
				257823942DB0168500B322CF /* Debug */,
				257823952DB0168500B322CF /* Release */,
			);
			defaultConfigurationIsVisible = 0;
			defaultConfigurationName = Release;
		};
		257823962DB0168500B322CF /* Build configuration list for PBXNativeTarget "Ilm-quranLearning" */ = {
			isa = XCConfigurationList;
			buildConfigurations = (
				257823972DB0168500B322CF /* Debug */,
				257823982DB0168500B322CF /* Release */,
			);
			defaultConfigurationIsVisible = 0;
			defaultConfigurationName = Release;
		};
		257823992DB0168500B322CF /* Build configuration list for PBXNativeTarget "Ilm-quranLearningTests" */ = {
			isa = XCConfigurationList;
			buildConfigurations = (
				2578239A2DB0168500B322CF /* Debug */,
				2578239B2DB0168500B322CF /* Release */,
			);
			defaultConfigurationIsVisible = 0;
			defaultConfigurationName = Release;
		};
		2578239C2DB0168500B322CF /* Build configuration list for PBXNativeTarget "Ilm-quranLearningUITests" */ = {
			isa = XCConfigurationList;
			buildConfigurations = (
				2578239D2DB0168500B322CF /* Debug */,
				2578239E2DB0168500B322CF /* Release */,
			);
			defaultConfigurationIsVisible = 0;
			defaultConfigurationName = Release;
		};
/* End XCConfigurationList section */

/* Begin XCRemoteSwiftPackageReference section */
		257824582DB01C6700B322CF /* XCRemoteSwiftPackageReference "firebase-ios-sdk" */ = {
			isa = XCRemoteSwiftPackageReference;
			repositoryURL = "https://github.com/firebase/firebase-ios-sdk";
			requirement = {
				kind = upToNextMajorVersion;
				minimumVersion = 11.11.0;
			};
		};
/* End XCRemoteSwiftPackageReference section */

/* Begin XCSwiftPackageProductDependency section */
		257824592DB01C6700B322CF /* FirebaseAnalytics */ = {
			isa = XCSwiftPackageProductDependency;
			package = 257824582DB01C6700B322CF /* XCRemoteSwiftPackageReference "firebase-ios-sdk" */;
			productName = FirebaseAnalytics;
		};
		2578245B2DB01C6700B322CF /* FirebaseAuth */ = {
			isa = XCSwiftPackageProductDependency;
			package = 257824582DB01C6700B322CF /* XCRemoteSwiftPackageReference "firebase-ios-sdk" */;
			productName = FirebaseAuth;
		};
		2578245D2DB01C6700B322CF /* FirebaseCore */ = {
			isa = XCSwiftPackageProductDependency;
			package = 257824582DB01C6700B322CF /* XCRemoteSwiftPackageReference "firebase-ios-sdk" */;
			productName = FirebaseCore;
		};
		2578245F2DB01C6700B322CF /* FirebaseFirestore */ = {
			isa = XCSwiftPackageProductDependency;
			package = 257824582DB01C6700B322CF /* XCRemoteSwiftPackageReference "firebase-ios-sdk" */;
			productName = FirebaseFirestore;
		};
		257824612DB01C6700B322CF /* FirebaseMessaging */ = {
			isa = XCSwiftPackageProductDependency;
			package = 257824582DB01C6700B322CF /* XCRemoteSwiftPackageReference "firebase-ios-sdk" */;
			productName = FirebaseMessaging;
		};
/* End XCSwiftPackageProductDependency section */
	};
	rootObject = 2578236A2DB0168400B322CF /* Project object */;
}
